
Microsoft Visual Studio Solution File, Format Version 12.00
# Visual Studio Version 16
VisualStudioVersion = 16.0.30204.135
MinimumVisualStudioVersion = 10.0.40219.1
Project("{FAE04EC0-301F-11D3-BF4B-00C04F79EFBC}") = "9hLecture", "9hLecture\9hLecture.csproj", "{DF68C10F-8CA5-41C6-90E6-CC0733CDBCEF}"
EndProject
Global
	GlobalSection(SolutionConfigurationPlatforms) = preSolution
		Debug|Any CPU = Debug|Any CPU
		Release|Any CPU = Release|Any CPU
	EndGlobalSection
	GlobalSection(ProjectConfigurationPlatforms) = postSolution
		{DF68C10F-8CA5-41C6-90E6-CC0733CDBCEF}.Debug|Any CPU.ActiveCfg = Debug|Any CPU
		{DF68C10F-8CA5-41C6-90E6-CC0733CDBCEF}.Debug|Any CPU.Build.0 = Debug|Any CPU
		{DF68C10F-8CA5-41C6-90E6-CC0733CDBCEF}.Release|Any CPU.ActiveCfg = Release|Any CPU
		{DF68C10F-8CA5-41C6-90E6-CC0733CDBCEF}.Release|Any CPU.Build.0 = Release|Any CPU
	EndGlobalSection
	GlobalSection(SolutionProperties) = preSolution
		HideSolutionNode = FALSE
	EndGlobalSection
	GlobalSection(ExtensibilityGlobals) = postSolution
		SolutionGuid = {40FAAF36-3789-4013-B7E4-64E839AEBBCB}
	EndGlobalSection
EndGlobal
