
Microsoft Visual Studio Solution File, Format Version 12.00
# Visual Studio Version 16
VisualStudioVersion = 16.0.30204.135
MinimumVisualStudioVersion = 10.0.40219.1
Project("{FAE04EC0-301F-11D3-BF4B-00C04F79EFBC}") = "10hLecture", "10hLecture\10hLecture.csproj", "{355B0D35-29F5-4980-A6CC-53658EBEB44F}"
EndProject
Global
	GlobalSection(SolutionConfigurationPlatforms) = preSolution
		Debug|Any CPU = Debug|Any CPU
		Release|Any CPU = Release|Any CPU
	EndGlobalSection
	GlobalSection(ProjectConfigurationPlatforms) = postSolution
		{355B0D35-29F5-4980-A6CC-53658EBEB44F}.Debug|Any CPU.ActiveCfg = Debug|Any CPU
		{355B0D35-29F5-4980-A6CC-53658EBEB44F}.Debug|Any CPU.Build.0 = Debug|Any CPU
		{355B0D35-29F5-4980-A6CC-53658EBEB44F}.Release|Any CPU.ActiveCfg = Release|Any CPU
		{355B0D35-29F5-4980-A6CC-53658EBEB44F}.Release|Any CPU.Build.0 = Release|Any CPU
	EndGlobalSection
	GlobalSection(SolutionProperties) = preSolution
		HideSolutionNode = FALSE
	EndGlobalSection
	GlobalSection(ExtensibilityGlobals) = postSolution
		SolutionGuid = {C78D5D65-851F-4BC3-9826-38732C87180E}
	EndGlobalSection
EndGlobal
